{
  "nodes": {
    "home-manager": {
      "inputs": {
        "nixpkgs": [
          "nixpkgs"
        ]
      },
      "locked": {
        "lastModified": 1763992789,
        "narHash": "sha256-WHkdBlw6oyxXIra/vQPYLtqY+3G8dUVZM8bEXk0t8x4=",
        "owner": "nix-community",
        "repo": "home-manager",
        "rev": "44831a7eaba4360fb81f2acc5ea6de5fde90aaa3",
        "type": "github"
      },
      "original": {
        "owner": "nix-community",
        "ref": "release-25.05",
        "repo": "home-manager",
        "type": "github"
      }
    },
    "home-manager_unstable": {
      "inputs": {
        "nixpkgs": [
          "nixpkgs-unstable"
        ]
      },
      "locked": {
        "lastModified": 1764872372,
        "narHash": "sha256-uZuXRz9CzeCHsRbc2MQvKomwoX6GcFC5BUMEk3ouSFU=",
        "owner": "nix-community",
        "repo": "home-manager",
        "rev": "05a56dbf24f195c62286e3273a2671d3b4904b00",
        "type": "github"
      },
      "original": {
        "owner": "nix-community",
        "ref": "master",
        "repo": "home-manager",
        "type": "github"
      }
    },
    "nixpkgs": {
      "locked": {
        "lastModified": 1764560356,
        "narHash": "sha256-M5aFEFPppI4UhdOxwdmceJ9bDJC4T6C6CzCK1E2FZyo=",
        "rev": "6c8f0cca84510cc79e09ea99a299c9bc17d03cb6",
        "revCount": 813260,
        "type": "tarball",
        "url": "https://api.flakehub.com/f/pinned/nixos/nixpkgs/0.2505.813260%2Brev-6c8f0cca84510cc79e09ea99a299c9bc17d03cb6/019ad9e6-87b0-7d03-84e2-c013e5b184a9/source.tar.gz"
      },
      "original": {
        "type": "tarball",
        "url": "https://flakehub.com/f/nixos/nixpkgs/0.2505.%2A"
      }
    },
    "nixpkgs-oldstable": {
      "locked": {
        "lastModified": 1720535198,
        "narHash": "sha256-zwVvxrdIzralnSbcpghA92tWu2DV2lwv89xZc8MTrbg=",
        "rev": "205fd4226592cc83fd4c0885a3e4c9c400efabb5",
        "revCount": 559232,
        "type": "tarball",
        "url": "https://api.flakehub.com/f/pinned/nixos/nixpkgs/0.2311.559232%2Brev-205fd4226592cc83fd4c0885a3e4c9c400efabb5/0190a5ce-629e-74df-bb4e-d94341910492/source.tar.gz"
      },
      "original": {
        "type": "tarball",
        "url": "https://flakehub.com/f/nixos/nixpkgs/0.2311.%2A"
      }
    },
    "nixpkgs-unstable": {
      "locked": {
        "lastModified": 1764611609,
        "narHash": "sha256-yU9BNcP0oadUKupw0UKmO9BKDOVIg9NStdJosEbXf8U=",
        "rev": "8c29968b3a942f2903f90797f9623737c215737c",
        "revCount": 905078,
        "type": "tarball",
        "url": "https://api.flakehub.com/f/pinned/DeterminateSystems/nixpkgs-weekly/0.1.905078%2Brev-8c29968b3a942f2903f90797f9623737c215737c/019add91-3add-7a0d-8a25-9569cbe01efe/source.tar.gz"
      },
      "original": {
        "type": "tarball",
        "url": "https://flakehub.com/f/DeterminateSystems/nixpkgs-weekly/0"
      }
    },
    "root": {
      "inputs": {
        "home-manager": "home-manager",
        "home-manager_unstable": "home-manager_unstable",
        "nixpkgs": "nixpkgs",
        "nixpkgs-oldstable": "nixpkgs-oldstable",
        "nixpkgs-unstable": "nixpkgs-unstable"
      }
    }
  },
  "root": "root",
  "version": 7
}
